
Microsoft Visual Studio Solution File, Format Version 12.00
# Visual Studio Version 16
VisualStudioVersion = 16.0.30225.117
MinimumVisualStudioVersion = 10.0.40219.1
Project("{FAE04EC0-301F-11D3-BF4B-00C04F79EFBC}") = "TestVMS", "TestVMS\TestVMS.csproj", "{05CF8C0A-4BA6-47B8-8938-DF0B81028F7E}"
EndProject
Global
	GlobalSection(SolutionConfigurationPlatforms) = preSolution
		Debug|Any CPU = Debug|Any CPU
		Release|Any CPU = Release|Any CPU
	EndGlobalSection
	GlobalSection(ProjectConfigurationPlatforms) = postSolution
		{05CF8C0A-4BA6-47B8-8938-DF0B81028F7E}.Debug|Any CPU.ActiveCfg = Debug|Any CPU
		{05CF8C0A-4BA6-47B8-8938-DF0B81028F7E}.Debug|Any CPU.Build.0 = Debug|Any CPU
		{05CF8C0A-4BA6-47B8-8938-DF0B81028F7E}.Release|Any CPU.ActiveCfg = Release|Any CPU
		{05CF8C0A-4BA6-47B8-8938-DF0B81028F7E}.Release|Any CPU.Build.0 = Release|Any CPU
	EndGlobalSection
	GlobalSection(SolutionProperties) = preSolution
		HideSolutionNode = FALSE
	EndGlobalSection
	GlobalSection(ExtensibilityGlobals) = postSolution
		SolutionGuid = {2077C140-AA21-4B3A-8370-560D9D69F6E2}
	EndGlobalSection
EndGlobal
